NeoBundleLock mdr 14a73ed3c909bf6dbd10691a26763e887f24a355
NeoBundleLock nerdtree eed488b1cd1867bd25f19f90e10440c5cc7d6424
NeoBundleLock preview-markdown.vim 8ddc5f73c959261b6a7454efe74e643ec0509753
NeoBundleLock supertab f0093ae12a9115498f887199809a6114659fc858
NeoBundleLock vim-airline 17f7dff748c188eb511ff831c4ea1803418f2b42
NeoBundleLock vim-airline-themes 97cf3e6e638f936187d5f6e9b5eb1bdf0a4df256
NeoBundleLock vim-cheatsheet 35a8d57e53abc210b1baa9377965ffe360b84334
NeoBundleLock vim-closetag c0779ef575d5c239162f4ca3506cfb4a95d45a58
NeoBundleLock vim-devicons d16475cbd7d50664e3d9261951cd4415967c5c41
NeoBundleLock vim-indent-guides 765084d38bf102a95ab966fb06472e83fa7deff7
NeoBundleLock vim-quickrun 7745ddb2a48d6f3f2305a0ab83d22ce2c0ded677
NeoBundleLock vimdoc-ja 9e86a5376f778e74a5e1066fe2a02911ca891b34
NeoBundleLock winresizer 9dc9899cedf84d78b93263b1fdb105b37c54c7b5
